
Microsoft Visual Studio Solution File, Format Version 12.00
# Visual Studio 15
VisualStudioVersion = 15.0.27703.2018
MinimumVisualStudioVersion = 10.0.40219.1
Project("{FAE04EC0-301F-11D3-BF4B-00C04F79EFBC}") = "Knom.WPF.ImageButton", "Knom.WPF.ImageButton\Knom.WPF.ImageButton.csproj", "{0EA7451C-B140-4683-99F2-75958BD477E3}"
EndProject
Global
	GlobalSection(SolutionConfigurationPlatforms) = preSolution
		Debug|Any CPU = Debug|Any CPU
		Release|Any CPU = Release|Any CPU
	EndGlobalSection
	GlobalSection(ProjectConfigurationPlatforms) = postSolution
		{0EA7451C-B140-4683-99F2-75958BD477E3}.Debug|Any CPU.ActiveCfg = Debug|Any CPU
		{0EA7451C-B140-4683-99F2-75958BD477E3}.Debug|Any CPU.Build.0 = Debug|Any CPU
		{0EA7451C-B140-4683-99F2-75958BD477E3}.Release|Any CPU.ActiveCfg = Release|Any CPU
		{0EA7451C-B140-4683-99F2-75958BD477E3}.Release|Any CPU.Build.0 = Release|Any CPU
	EndGlobalSection
	GlobalSection(SolutionProperties) = preSolution
		HideSolutionNode = FALSE
	EndGlobalSection
	GlobalSection(ExtensibilityGlobals) = postSolution
		SolutionGuid = {B209D7B5-2E2E-437B-A64E-256F35D396CE}
	EndGlobalSection
EndGlobal
